// !$*UTF8*$!
{
	archiveVersion = 1;
	classes = {
	};
	objectVersion = 51;
	objects = {

/* Begin PBXBuildFile section */
		CC0CF3D383882D205AFBF053 /* Pods_instaMap.framework in Frameworks */ = {isa = PBXBuildFile; fileRef = 1A69053FF3B8120EFD085109 /* Pods_instaMap.framework */; };
		CE1F095A26244B4F00A721BB /* PhotoScrollViewController.swift in Sources */ = {isa = PBXBuildFile; fileRef = CE1F095926244B4F00A721BB /* PhotoScrollViewController.swift */; };
		CE1F097726257B2A00A721BB /* NextPostViewController.swift in Sources */ = {isa = PBXBuildFile; fileRef = CE1F097626257B2900A721BB /* NextPostViewController.swift */; };
		CE2E193E25E3BB6100A176EF /* TabBarController.swift in Sources */ = {isa = PBXBuildFile; fileRef = CE2E193D25E3BB6100A176EF /* TabBarController.swift */; };
		CE2E194225E3BD8100A176EF /* LoginViewController.swift in Sources */ = {isa = PBXBuildFile; fileRef = CE2E194125E3BD8100A176EF /* LoginViewController.swift */; };
		CE2E194525E3BD9B00A176EF /* HomeViewController.swift in Sources */ = {isa = PBXBuildFile; fileRef = CE2E194425E3BD9B00A176EF /* HomeViewController.swift */; };
		CE2E194825E3BDB800A176EF /* ImageSelectViewController.swift in Sources */ = {isa = PBXBuildFile; fileRef = CE2E194725E3BDB800A176EF /* ImageSelectViewController.swift */; };
		CE2E194B25E3BDD200A176EF /* PostViewController.swift in Sources */ = {isa = PBXBuildFile; fileRef = CE2E194A25E3BDD200A176EF /* PostViewController.swift */; };
		CE2E194E25E3BDEA00A176EF /* SettingViewController.swift in Sources */ = {isa = PBXBuildFile; fileRef = CE2E194D25E3BDEA00A176EF /* SettingViewController.swift */; };
		CE32FF7125E22BD900454DAE /* AppDelegate.swift in Sources */ = {isa = PBXBuildFile; fileRef = CE32FF7025E22BD900454DAE /* AppDelegate.swift */; };
		CE32FF7325E22BD900454DAE /* SceneDelegate.swift in Sources */ = {isa = PBXBuildFile; fileRef = CE32FF7225E22BD900454DAE /* SceneDelegate.swift */; };
		CE32FF7825E22BD900454DAE /* Main.storyboard in Resources */ = {isa = PBXBuildFile; fileRef = CE32FF7625E22BD900454DAE /* Main.storyboard */; };
		CE32FF7A25E22BDA00454DAE /* Assets.xcassets in Resources */ = {isa = PBXBuildFile; fileRef = CE32FF7925E22BDA00454DAE /* Assets.xcassets */; };
		CE32FF7D25E22BDA00454DAE /* LaunchScreen.storyboard in Resources */ = {isa = PBXBuildFile; fileRef = CE32FF7B25E22BDA00454DAE /* LaunchScreen.storyboard */; };
		CE32FF8725E2306D00454DAE /* GoogleService-Info.plist in Resources */ = {isa = PBXBuildFile; fileRef = CE32FF8625E2306D00454DAE /* GoogleService-Info.plist */; };
		CE42216A25E8D355008628B5 /* Const.swift in Sources */ = {isa = PBXBuildFile; fileRef = CE42216925E8D355008628B5 /* Const.swift */; };
		CE42B709262161EA00598065 /* CommentChengeViewController.swift in Sources */ = {isa = PBXBuildFile; fileRef = CE42B708262161EA00598065 /* CommentChengeViewController.swift */; };
		CE5CD04F25ECDB8F00930F19 /* PostData.swift in Sources */ = {isa = PBXBuildFile; fileRef = CE5CD04E25ECDB8F00930F19 /* PostData.swift */; };
		CE5CD05325F106F400930F19 /* PostTableViewCell.swift in Sources */ = {isa = PBXBuildFile; fileRef = CE5CD05125F106F400930F19 /* PostTableViewCell.swift */; };
		CE5CD05425F106F400930F19 /* PostTableViewCell.xib in Resources */ = {isa = PBXBuildFile; fileRef = CE5CD05225F106F400930F19 /* PostTableViewCell.xib */; };
		CE5CD05E25F1C99B00930F19 /* PhotoViewController.swift in Sources */ = {isa = PBXBuildFile; fileRef = CE5CD05D25F1C99B00930F19 /* PhotoViewController.swift */; };
		CE67BFA925E4ECF70005B510 /* MapViewController.swift in Sources */ = {isa = PBXBuildFile; fileRef = CE67BFA825E4ECF70005B510 /* MapViewController.swift */; };
/* End PBXBuildFile section */

/* Begin PBXFileReference section */
		1A69053FF3B8120EFD085109 /* Pods_instaMap.framework */ = {isa = PBXFileReference; explicitFileType = wrapper.framework; includeInIndex = 0; path = Pods_instaMap.framework; sourceTree = BUILT_PRODUCTS_DIR; };
		6B0D47C92C4C663F44D2FBE4 /* Pods-instaMap.debug.xcconfig */ = {isa = PBXFileReference; includeInIndex = 1; lastKnownFileType = text.xcconfig; name = "Pods-instaMap.debug.xcconfig"; path = "Target Support Files/Pods-instaMap/Pods-instaMap.debug.xcconfig"; sourceTree = "<group>"; };
		CE1F095926244B4F00A721BB /* PhotoScrollViewController.swift */ = {isa = PBXFileReference; lastKnownFileType = sourcecode.swift; path = PhotoScrollViewController.swift; sourceTree = "<group>"; };
		CE1F097626257B2900A721BB /* NextPostViewController.swift */ = {isa = PBXFileReference; lastKnownFileType = sourcecode.swift; path = NextPostViewController.swift; sourceTree = "<group>"; };
		CE2E193D25E3BB6100A176EF /* TabBarController.swift */ = {isa = PBXFileReference; lastKnownFileType = sourcecode.swift; path = TabBarController.swift; sourceTree = "<group>"; };
		CE2E194125E3BD8100A176EF /* LoginViewController.swift */ = {isa = PBXFileReference; lastKnownFileType = sourcecode.swift; path = LoginViewController.swift; sourceTree = "<group>"; };
		CE2E194425E3BD9B00A176EF /* HomeViewController.swift */ = {isa = PBXFileReference; lastKnownFileType = sourcecode.swift; path = HomeViewController.swift; sourceTree = "<group>"; };
		CE2E194725E3BDB800A176EF /* ImageSelectViewController.swift */ = {isa = PBXFileReference; lastKnownFileType = sourcecode.swift; path = ImageSelectViewController.swift; sourceTree = "<group>"; };
		CE2E194A25E3BDD200A176EF /* PostViewController.swift */ = {isa = PBXFileReference; lastKnownFileType = sourcecode.swift; path = PostViewController.swift; sourceTree = "<group>"; };
		CE2E194D25E3BDEA00A176EF /* SettingViewController.swift */ = {isa = PBXFileReference; lastKnownFileType = sourcecode.swift; path = SettingViewController.swift; sourceTree = "<group>"; };
		CE32FF6D25E22BD900454DAE /* instaMap.app */ = {isa = PBXFileReference; explicitFileType = wrapper.application; includeInIndex = 0; path = instaMap.app; sourceTree = BUILT_PRODUCTS_DIR; };
		CE32FF7025E22BD900454DAE /* AppDelegate.swift */ = {isa = PBXFileReference; lastKnownFileType = sourcecode.swift; path = AppDelegate.swift; sourceTree = "<group>"; };
		CE32FF7225E22BD900454DAE /* SceneDelegate.swift */ = {isa = PBXFileReference; lastKnownFileType = sourcecode.swift; path = SceneDelegate.swift; sourceTree = "<group>"; };
		CE32FF7725E22BD900454DAE /* Base */ = {isa = PBXFileReference; lastKnownFileType = file.storyboard; name = Base; path = Base.lproj/Main.storyboard; sourceTree = "<group>"; };
		CE32FF7925E22BDA00454DAE /* Assets.xcassets */ = {isa = PBXFileReference; lastKnownFileType = folder.assetcatalog; path = Assets.xcassets; sourceTree = "<group>"; };
		CE32FF7C25E22BDA00454DAE /* Base */ = {isa = PBXFileReference; lastKnownFileType = file.storyboard; name = Base; path = Base.lproj/LaunchScreen.storyboard; sourceTree = "<group>"; };
		CE32FF7E25E22BDA00454DAE /* Info.plist */ = {isa = PBXFileReference; lastKnownFileType = text.plist.xml; path = Info.plist; sourceTree = "<group>"; };
		CE32FF8625E2306D00454DAE /* GoogleService-Info.plist */ = {isa = PBXFileReference; fileEncoding = 4; lastKnownFileType = text.plist.xml; path = "GoogleService-Info.plist"; sourceTree = "<group>"; };
		CE42216925E8D355008628B5 /* Const.swift */ = {isa = PBXFileReference; lastKnownFileType = sourcecode.swift; path = Const.swift; sourceTree = "<group>"; };
		CE42B708262161EA00598065 /* CommentChengeViewController.swift */ = {isa = PBXFileReference; lastKnownFileType = sourcecode.swift; path = CommentChengeViewController.swift; sourceTree = "<group>"; };
		CE5CD04E25ECDB8F00930F19 /* PostData.swift */ = {isa = PBXFileReference; lastKnownFileType = sourcecode.swift; path = PostData.swift; sourceTree = "<group>"; };
		CE5CD05125F106F400930F19 /* PostTableViewCell.swift */ = {isa = PBXFileReference; lastKnownFileType = sourcecode.swift; path = PostTableViewCell.swift; sourceTree = "<group>"; };
		CE5CD05225F106F400930F19 /* PostTableViewCell.xib */ = {isa = PBXFileReference; lastKnownFileType = file.xib; path = PostTableViewCell.xib; sourceTree = "<group>"; };
		CE5CD05D25F1C99B00930F19 /* PhotoViewController.swift */ = {isa = PBXFileReference; lastKnownFileType = sourcecode.swift; path = PhotoViewController.swift; sourceTree = "<group>"; };
		CE67BFA825E4ECF70005B510 /* MapViewController.swift */ = {isa = PBXFileReference; lastKnownFileType = sourcecode.swift; path = MapViewController.swift; sourceTree = "<group>"; };
		D853DBE85B3BC5A58088DD90 /* Pods-instaMap.release.xcconfig */ = {isa = PBXFileReference; includeInIndex = 1; lastKnownFileType = text.xcconfig; name = "Pods-instaMap.release.xcconfig"; path = "Target Support Files/Pods-instaMap/Pods-instaMap.release.xcconfig"; sourceTree = "<group>"; };
/* End PBXFileReference section */

/* Begin PBXFrameworksBuildPhase section */
		CE32FF6A25E22BD900454DAE /* Frameworks */ = {
			isa = PBXFrameworksBuildPhase;
			buildActionMask = 2147483647;
			files = (
				CC0CF3D383882D205AFBF053 /* Pods_instaMap.framework in Frameworks */,
			);
			runOnlyForDeploymentPostprocessing = 0;
		};
/* End PBXFrameworksBuildPhase section */

/* Begin PBXGroup section */
		4719DCA535D3BE38B1B4A3C8 /* Pods */ = {
			isa = PBXGroup;
			children = (
				6B0D47C92C4C663F44D2FBE4 /* Pods-instaMap.debug.xcconfig */,
				D853DBE85B3BC5A58088DD90 /* Pods-instaMap.release.xcconfig */,
			);
			path = Pods;
			sourceTree = "<group>";
		};
		C19278C0DA7329A57F2C0D6E /* Frameworks */ = {
			isa = PBXGroup;
			children = (
				1A69053FF3B8120EFD085109 /* Pods_instaMap.framework */,
			);
			name = Frameworks;
			sourceTree = "<group>";
		};
		CE32FF6425E22BD900454DAE = {
			isa = PBXGroup;
			children = (
				CE32FF6F25E22BD900454DAE /* instaMap */,
				CE32FF6E25E22BD900454DAE /* Products */,
				4719DCA535D3BE38B1B4A3C8 /* Pods */,
				C19278C0DA7329A57F2C0D6E /* Frameworks */,
			);
			sourceTree = "<group>";
		};
		CE32FF6E25E22BD900454DAE /* Products */ = {
			isa = PBXGroup;
			children = (
				CE32FF6D25E22BD900454DAE /* instaMap.app */,
			);
			name = Products;
			sourceTree = "<group>";
		};
		CE32FF6F25E22BD900454DAE /* instaMap */ = {
			isa = PBXGroup;
			children = (
				CE32FF7025E22BD900454DAE /* AppDelegate.swift */,
				CE32FF7225E22BD900454DAE /* SceneDelegate.swift */,
				CE2E194125E3BD8100A176EF /* LoginViewController.swift */,
				CE2E194425E3BD9B00A176EF /* HomeViewController.swift */,
				CE2E194725E3BDB800A176EF /* ImageSelectViewController.swift */,
				CE2E194A25E3BDD200A176EF /* PostViewController.swift */,
				CE1F097626257B2900A721BB /* NextPostViewController.swift */,
				CE2E194D25E3BDEA00A176EF /* SettingViewController.swift */,
				CE67BFA825E4ECF70005B510 /* MapViewController.swift */,
				CE5CD05D25F1C99B00930F19 /* PhotoViewController.swift */,
				CE42B708262161EA00598065 /* CommentChengeViewController.swift */,
				CE1F095926244B4F00A721BB /* PhotoScrollViewController.swift */,
				CE2E193D25E3BB6100A176EF /* TabBarController.swift */,
				CE5CD05125F106F400930F19 /* PostTableViewCell.swift */,
				CE5CD05225F106F400930F19 /* PostTableViewCell.xib */,
				CE42216925E8D355008628B5 /* Const.swift */,
				CE5CD04E25ECDB8F00930F19 /* PostData.swift */,
				CE32FF7625E22BD900454DAE /* Main.storyboard */,
				CE32FF7925E22BDA00454DAE /* Assets.xcassets */,
				CE32FF7B25E22BDA00454DAE /* LaunchScreen.storyboard */,
				CE32FF7E25E22BDA00454DAE /* Info.plist */,
				CE32FF8625E2306D00454DAE /* GoogleService-Info.plist */,
			);
			path = instaMap;
			sourceTree = "<group>";
		};
/* End PBXGroup section */

/* Begin PBXNativeTarget section */
		CE32FF6C25E22BD900454DAE /* instaMap */ = {
			isa = PBXNativeTarget;
			buildConfigurationList = CE32FF8125E22BDA00454DAE /* Build configuration list for PBXNativeTarget "instaMap" */;
			buildPhases = (
				5D7A1163691617C776632580 /* [CP] Check Pods Manifest.lock */,
				CE32FF6925E22BD900454DAE /* Sources */,
				CE32FF6A25E22BD900454DAE /* Frameworks */,
				CE32FF6B25E22BD900454DAE /* Resources */,
				86FC65E46F4B203723F7FF55 /* [CP] Embed Pods Frameworks */,
			);
			buildRules = (
			);
			dependencies = (
			);
			name = instaMap;
			productName = instaMap;
			productReference = CE32FF6D25E22BD900454DAE /* instaMap.app */;
			productType = "com.apple.product-type.application";
		};
/* End PBXNativeTarget section */

/* Begin PBXProject section */
		CE32FF6525E22BD900454DAE /* Project object */ = {
			isa = PBXProject;
			attributes = {
				LastSwiftUpdateCheck = 1240;
				LastUpgradeCheck = 1240;
				TargetAttributes = {
					CE32FF6C25E22BD900454DAE = {
						CreatedOnToolsVersion = 12.4;
					};
				};
			};
			buildConfigurationList = CE32FF6825E22BD900454DAE /* Build configuration list for PBXProject "instaMap" */;
			compatibilityVersion = "Xcode 9.3";
			developmentRegion = en;
			hasScannedForEncodings = 0;
			knownRegions = (
				en,
				Base,
			);
			mainGroup = CE32FF6425E22BD900454DAE;
			productRefGroup = CE32FF6E25E22BD900454DAE /* Products */;
			projectDirPath = "";
			projectRoot = "";
			targets = (
				CE32FF6C25E22BD900454DAE /* instaMap */,
			);
		};
/* End PBXProject section */

/* Begin PBXResourcesBuildPhase section */
		CE32FF6B25E22BD900454DAE /* Resources */ = {
			isa = PBXResourcesBuildPhase;
			buildActionMask = 2147483647;
			files = (
				CE32FF7D25E22BDA00454DAE /* LaunchScreen.storyboard in Resources */,
				CE5CD05425F106F400930F19 /* PostTableViewCell.xib in Resources */,
				CE32FF7A25E22BDA00454DAE /* Assets.xcassets in Resources */,
				CE32FF7825E22BD900454DAE /* Main.storyboard in Resources */,
				CE32FF8725E2306D00454DAE /* GoogleService-Info.plist in Resources */,
			);
			runOnlyForDeploymentPostprocessing = 0;
		};
/* End PBXResourcesBuildPhase section */

/* Begin PBXShellScriptBuildPhase section */
		5D7A1163691617C776632580 /* [CP] Check Pods Manifest.lock */ = {
			isa = PBXShellScriptBuildPhase;
			buildActionMask = 2147483647;
			files = (
			);
			inputFileListPaths = (
			);
			inputPaths = (
				"${PODS_PODFILE_DIR_PATH}/Podfile.lock",
				"${PODS_ROOT}/Manifest.lock",
			);
			name = "[CP] Check Pods Manifest.lock";
			outputFileListPaths = (
			);
			outputPaths = (
				"$(DERIVED_FILE_DIR)/Pods-instaMap-checkManifestLockResult.txt",
			);
			runOnlyForDeploymentPostprocessing = 0;
			shellPath = /bin/sh;
			shellScript = "diff \"${PODS_PODFILE_DIR_PATH}/Podfile.lock\" \"${PODS_ROOT}/Manifest.lock\" > /dev/null\nif [ $? != 0 ] ; then\n    # print error to STDERR\n    echo \"error: The sandbox is not in sync with the Podfile.lock. Run 'pod install' or update your CocoaPods installation.\" >&2\n    exit 1\nfi\n# This output is used by Xcode 'outputs' to avoid re-running this script phase.\necho \"SUCCESS\" > \"${SCRIPT_OUTPUT_FILE_0}\"\n";
			showEnvVarsInLog = 0;
		};
		86FC65E46F4B203723F7FF55 /* [CP] Embed Pods Frameworks */ = {
			isa = PBXShellScriptBuildPhase;
			buildActionMask = 2147483647;
			files = (
			);
			inputFileListPaths = (
				"${PODS_ROOT}/Target Support Files/Pods-instaMap/Pods-instaMap-frameworks-${CONFIGURATION}-input-files.xcfilelist",
			);
			name = "[CP] Embed Pods Frameworks";
			outputFileListPaths = (
				"${PODS_ROOT}/Target Support Files/Pods-instaMap/Pods-instaMap-frameworks-${CONFIGURATION}-output-files.xcfilelist",
			);
			runOnlyForDeploymentPostprocessing = 0;
			shellPath = /bin/sh;
			shellScript = "\"${PODS_ROOT}/Target Support Files/Pods-instaMap/Pods-instaMap-frameworks.sh\"\n";
			showEnvVarsInLog = 0;
		};
/* End PBXShellScriptBuildPhase section */

/* Begin PBXSourcesBuildPhase section */
		CE32FF6925E22BD900454DAE /* Sources */ = {
			isa = PBXSourcesBuildPhase;
			buildActionMask = 2147483647;
			files = (
				CE2E194B25E3BDD200A176EF /* PostViewController.swift in Sources */,
				CE2E194825E3BDB800A176EF /* ImageSelectViewController.swift in Sources */,
				CE42B709262161EA00598065 /* CommentChengeViewController.swift in Sources */,
				CE32FF7125E22BD900454DAE /* AppDelegate.swift in Sources */,
				CE2E193E25E3BB6100A176EF /* TabBarController.swift in Sources */,
				CE67BFA925E4ECF70005B510 /* MapViewController.swift in Sources */,
				CE2E194E25E3BDEA00A176EF /* SettingViewController.swift in Sources */,
				CE2E194225E3BD8100A176EF /* LoginViewController.swift in Sources */,
				CE32FF7325E22BD900454DAE /* SceneDelegate.swift in Sources */,
				CE2E194525E3BD9B00A176EF /* HomeViewController.swift in Sources */,
				CE1F095A26244B4F00A721BB /* PhotoScrollViewController.swift in Sources */,
				CE1F097726257B2A00A721BB /* NextPostViewController.swift in Sources */,
				CE5CD04F25ECDB8F00930F19 /* PostData.swift in Sources */,
				CE42216A25E8D355008628B5 /* Const.swift in Sources */,
				CE5CD05325F106F400930F19 /* PostTableViewCell.swift in Sources */,
				CE5CD05E25F1C99B00930F19 /* PhotoViewController.swift in Sources */,
			);
			runOnlyForDeploymentPostprocessing = 0;
		};
/* End PBXSourcesBuildPhase section */

/* Begin PBXVariantGroup section */
		CE32FF7625E22BD900454DAE /* Main.storyboard */ = {
			isa = PBXVariantGroup;
			children = (
				CE32FF7725E22BD900454DAE /* Base */,
			);
			name = Main.storyboard;
			sourceTree = "<group>";
		};
		CE32FF7B25E22BDA00454DAE /* LaunchScreen.storyboard */ = {
			isa = PBXVariantGroup;
			children = (
				CE32FF7C25E22BDA00454DAE /* Base */,
			);
			name = LaunchScreen.storyboard;
			sourceTree = "<group>";
		};
/* End PBXVariantGroup section */

/* Begin XCBuildConfiguration section */
		CE32FF7F25E22BDA00454DAE /* Debug */ = {
			isa = XCBuildConfiguration;
			buildSettings = {
				ALWAYS_SEARCH_USER_PATHS = NO;
				CLANG_ANALYZER_NONNULL = YES;
				CLANG_ANALYZER_NUMBER_OBJECT_CONVERSION = YES_AGGRESSIVE;
				CLANG_CXX_LANGUAGE_STANDARD = "gnu++14";
				CLANG_CXX_LIBRARY = "libc++";
				CLANG_ENABLE_MODULES = YES;
				CLANG_ENABLE_OBJC_ARC = YES;
				CLANG_ENABLE_OBJC_WEAK = YES;
				CLANG_WARN_BLOCK_CAPTURE_AUTORELEASING = YES;
				CLANG_WARN_BOOL_CONVERSION = YES;
				CLANG_WARN_COMMA = YES;
				CLANG_WARN_CONSTANT_CONVERSION = YES;
				CLANG_WARN_DEPRECATED_OBJC_IMPLEMENTATIONS = YES;
				CLANG_WARN_DIRECT_OBJC_ISA_USAGE = YES_ERROR;
				CLANG_WARN_DOCUMENTATION_COMMENTS = YES;
				CLANG_WARN_EMPTY_BODY = YES;
				CLANG_WARN_ENUM_CONVERSION = YES;
				CLANG_WARN_INFINITE_RECURSION = YES;
				CLANG_WARN_INT_CONVERSION = YES;
				CLANG_WARN_NON_LITERAL_NULL_CONVERSION = YES;
				CLANG_WARN_OBJC_IMPLICIT_RETAIN_SELF = YES;
				CLANG_WARN_OBJC_LITERAL_CONVERSION = YES;
				CLANG_WARN_OBJC_ROOT_CLASS = YES_ERROR;
				CLANG_WARN_QUOTED_INCLUDE_IN_FRAMEWORK_HEADER = YES;
				CLANG_WARN_RANGE_LOOP_ANALYSIS = YES;
				CLANG_WARN_STRICT_PROTOTYPES = YES;
				CLANG_WARN_SUSPICIOUS_MOVE = YES;
				CLANG_WARN_UNGUARDED_AVAILABILITY = YES_AGGRESSIVE;
				CLANG_WARN_UNREACHABLE_CODE = YES;
				CLANG_WARN__DUPLICATE_METHOD_MATCH = YES;
				COPY_PHASE_STRIP = NO;
				DEBUG_INFORMATION_FORMAT = dwarf;
				ENABLE_STRICT_OBJC_MSGSEND = YES;
				ENABLE_TESTABILITY = YES;
				GCC_C_LANGUAGE_STANDARD = gnu11;
				GCC_DYNAMIC_NO_PIC = NO;
				GCC_NO_COMMON_BLOCKS = YES;
				GCC_OPTIMIZATION_LEVEL = 0;
				GCC_PREPROCESSOR_DEFINITIONS = (
					"DEBUG=1",
					"$(inherited)",
				);
				GCC_WARN_64_TO_32_BIT_CONVERSION = YES;
				GCC_WARN_ABOUT_RETURN_TYPE = YES_ERROR;
				GCC_WARN_UNDECLARED_SELECTOR = YES;
				GCC_WARN_UNINITIALIZED_AUTOS = YES_AGGRESSIVE;
				GCC_WARN_UNUSED_FUNCTION = YES;
				GCC_WARN_UNUSED_VARIABLE = YES;
				IPHONEOS_DEPLOYMENT_TARGET = 14.4;
				MTL_ENABLE_DEBUG_INFO = INCLUDE_SOURCE;
				MTL_FAST_MATH = YES;
				ONLY_ACTIVE_ARCH = YES;
				SDKROOT = iphoneos;
				SWIFT_ACTIVE_COMPILATION_CONDITIONS = DEBUG;
				SWIFT_OPTIMIZATION_LEVEL = "-Onone";
			};
			name = Debug;
		};
		CE32FF8025E22BDA00454DAE /* Release */ = {
			isa = XCBuildConfiguration;
			buildSettings = {
				ALWAYS_SEARCH_USER_PATHS = NO;
				CLANG_ANALYZER_NONNULL = YES;
				CLANG_ANALYZER_NUMBER_OBJECT_CONVERSION = YES_AGGRESSIVE;
				CLANG_CXX_LANGUAGE_STANDARD = "gnu++14";
				CLANG_CXX_LIBRARY = "libc++";
				CLANG_ENABLE_MODULES = YES;
				CLANG_ENABLE_OBJC_ARC = YES;
				CLANG_ENABLE_OBJC_WEAK = YES;
				CLANG_WARN_BLOCK_CAPTURE_AUTORELEASING = YES;
				CLANG_WARN_BOOL_CONVERSION = YES;
				CLANG_WARN_COMMA = YES;
				CLANG_WARN_CONSTANT_CONVERSION = YES;
				CLANG_WARN_DEPRECATED_OBJC_IMPLEMENTATIONS = YES;
				CLANG_WARN_DIRECT_OBJC_ISA_USAGE = YES_ERROR;
				CLANG_WARN_DOCUMENTATION_COMMENTS = YES;
				CLANG_WARN_EMPTY_BODY = YES;
				CLANG_WARN_ENUM_CONVERSION = YES;
				CLANG_WARN_INFINITE_RECURSION = YES;
				CLANG_WARN_INT_CONVERSION = YES;
				CLANG_WARN_NON_LITERAL_NULL_CONVERSION = YES;
				CLANG_WARN_OBJC_IMPLICIT_RETAIN_SELF = YES;
				CLANG_WARN_OBJC_LITERAL_CONVERSION = YES;
				CLANG_WARN_OBJC_ROOT_CLASS = YES_ERROR;
				CLANG_WARN_QUOTED_INCLUDE_IN_FRAMEWORK_HEADER = YES;
				CLANG_WARN_RANGE_LOOP_ANALYSIS = YES;
				CLANG_WARN_STRICT_PROTOTYPES = YES;
				CLANG_WARN_SUSPICIOUS_MOVE = YES;
				CLANG_WARN_UNGUARDED_AVAILABILITY = YES_AGGRESSIVE;
				CLANG_WARN_UNREACHABLE_CODE = YES;
				CLANG_WARN__DUPLICATE_METHOD_MATCH = YES;
				COPY_PHASE_STRIP = NO;
				DEBUG_INFORMATION_FORMAT = "dwarf-with-dsym";
				ENABLE_NS_ASSERTIONS = NO;
				ENABLE_STRICT_OBJC_MSGSEND = YES;
				GCC_C_LANGUAGE_STANDARD = gnu11;
				GCC_NO_COMMON_BLOCKS = YES;
				GCC_WARN_64_TO_32_BIT_CONVERSION = YES;
				GCC_WARN_ABOUT_RETURN_TYPE = YES_ERROR;
				GCC_WARN_UNDECLARED_SELECTOR = YES;
				GCC_WARN_UNINITIALIZED_AUTOS = YES_AGGRESSIVE;
				GCC_WARN_UNUSED_FUNCTION = YES;
				GCC_WARN_UNUSED_VARIABLE = YES;
				IPHONEOS_DEPLOYMENT_TARGET = 14.4;
				MTL_ENABLE_DEBUG_INFO = NO;
				MTL_FAST_MATH = YES;
				SDKROOT = iphoneos;
				SWIFT_COMPILATION_MODE = wholemodule;
				SWIFT_OPTIMIZATION_LEVEL = "-O";
				VALIDATE_PRODUCT = YES;
			};
			name = Release;
		};
		CE32FF8225E22BDA00454DAE /* Debug */ = {
			isa = XCBuildConfiguration;
			baseConfigurationReference = 6B0D47C92C4C663F44D2FBE4 /* Pods-instaMap.debug.xcconfig */;
			buildSettings = {
				ASSETCATALOG_COMPILER_APPICON_NAME = AppIcon;
				ASSETCATALOG_COMPILER_GLOBAL_ACCENT_COLOR_NAME = AccentColor;
				CODE_SIGN_STYLE = Automatic;
				DEVELOPMENT_TEAM = U9K9UNZPUA;
				INFOPLIST_FILE = instaMap/Info.plist;
				LD_RUNPATH_SEARCH_PATHS = (
					"$(inherited)",
					"@executable_path/Frameworks",
				);
				PRODUCT_BUNDLE_IDENTIFIER = "jp.techacademy.takeshi-2983.instaMap";
				PRODUCT_NAME = "$(TARGET_NAME)";
				SWIFT_VERSION = 5.0;
				TARGETED_DEVICE_FAMILY = 1;
			};
			name = Debug;
		};
		CE32FF8325E22BDA00454DAE /* Release */ = {
			isa = XCBuildConfiguration;
			baseConfigurationReference = D853DBE85B3BC5A58088DD90 /* Pods-instaMap.release.xcconfig */;
			buildSettings = {
				ASSETCATALOG_COMPILER_APPICON_NAME = AppIcon;
				ASSETCATALOG_COMPILER_GLOBAL_ACCENT_COLOR_NAME = AccentColor;
				CODE_SIGN_STYLE = Automatic;
				DEVELOPMENT_TEAM = U9K9UNZPUA;
				INFOPLIST_FILE = instaMap/Info.plist;
				LD_RUNPATH_SEARCH_PATHS = (
					"$(inherited)",
					"@executable_path/Frameworks",
				);
				PRODUCT_BUNDLE_IDENTIFIER = "jp.techacademy.takeshi-2983.instaMap";
				PRODUCT_NAME = "$(TARGET_NAME)";
				SWIFT_VERSION = 5.0;
				TARGETED_DEVICE_FAMILY = 1;
			};
			name = Release;
		};
/* End XCBuildConfiguration section */

/* Begin XCConfigurationList section */
		CE32FF6825E22BD900454DAE /* Build configuration list for PBXProject "instaMap" */ = {
			isa = XCConfigurationList;
			buildConfigurations = (
				CE32FF7F25E22BDA00454DAE /* Debug */,
				CE32FF8025E22BDA00454DAE /* Release */,
			);
			defaultConfigurationIsVisible = 0;
			defaultConfigurationName = Release;
		};
		CE32FF8125E22BDA00454DAE /* Build configuration list for PBXNativeTarget "instaMap" */ = {
			isa = XCConfigurationList;
			buildConfigurations = (
				CE32FF8225E22BDA00454DAE /* Debug */,
				CE32FF8325E22BDA00454DAE /* Release */,
			);
			defaultConfigurationIsVisible = 0;
			defaultConfigurationName = Release;
		};
/* End XCConfigurationList section */
	};
	rootObject = CE32FF6525E22BD900454DAE /* Project object */;
}
